
Microsoft Visual Studio Solution File, Format Version 12.00
# Visual Studio for Mac
Project("{FAE04EC0-301F-11D3-BF4B-00C04F79EFBC}") = "LDJ44", "Assembly-CSharp.csproj", "{BA143EBF-3241-35E2-861A-6601604154C4}"
EndProject
Global
	GlobalSection(SolutionConfigurationPlatforms) = preSolution
		Debug|Any CPU = Debug|Any CPU
		Release|Any CPU = Release|Any CPU
	EndGlobalSection
	GlobalSection(ProjectConfigurationPlatforms) = postSolution
		{BA143EBF-3241-35E2-861A-6601604154C4}.Debug|Any CPU.ActiveCfg = Debug|Any CPU
		{BA143EBF-3241-35E2-861A-6601604154C4}.Debug|Any CPU.Build.0 = Debug|Any CPU
		{BA143EBF-3241-35E2-861A-6601604154C4}.Release|Any CPU.ActiveCfg = Release|Any CPU
		{BA143EBF-3241-35E2-861A-6601604154C4}.Release|Any CPU.Build.0 = Release|Any CPU
	EndGlobalSection
	GlobalSection(SolutionProperties) = preSolution
		HideSolutionNode = FALSE
	EndGlobalSection
	GlobalSection(MonoDevelopProperties) = preSolution
		StartupItem = Assembly-CSharp.csproj
	EndGlobalSection
EndGlobal
